
Microsoft Visual Studio Solution File, Format Version 12.00
# Visual Studio Version 16
VisualStudioVersion = 16.0.28803.202
MinimumVisualStudioVersion = 10.0.40219.1
Project("{FAE04EC0-301F-11D3-BF4B-00C04F79EFBC}") = "WordAddIn", "WordAddIn\WordAddIn.csproj", "{CC1160BB-2E3D-4A0D-A858-D2988A58C6C8}"
EndProject
Project("{FAE04EC0-301F-11D3-BF4B-00C04F79EFBC}") = "PowerPointAddIn", "PowerPointAddIn\PowerPointAddIn.csproj", "{5EDD33DD-C933-4BD6-9C93-D9D3D2E073FE}"
EndProject
Project("{FAE04EC0-301F-11D3-BF4B-00C04F79EFBC}") = "ExcelAddIn", "ExcelAddIn\ExcelAddIn.csproj", "{3EF53E43-F617-4E49-AA89-F6824AC57CA8}"
EndProject
Project("{9A19103F-16F7-4668-BE54-9A1E7A4F7556}") = "ShareDataSiteNetCore", "ShareDataSiteNetCore\ShareDataSiteNetCore.csproj", "{0233954C-FB6D-4A06-8336-D6E1F75DBDB2}"
EndProject
Project("{9A19103F-16F7-4668-BE54-9A1E7A4F7556}") = "ShareDataServiceNetCore", "ShareDataServiceNetCore\ShareDataServiceNetCore.csproj", "{2CA87EFA-74FC-4FBE-9B70-B153E4213686}"
EndProject
Global
	GlobalSection(SolutionConfigurationPlatforms) = preSolution
		Debug|Any CPU = Debug|Any CPU
		Release|Any CPU = Release|Any CPU
	EndGlobalSection
	GlobalSection(ProjectConfigurationPlatforms) = postSolution
		{CC1160BB-2E3D-4A0D-A858-D2988A58C6C8}.Debug|Any CPU.ActiveCfg = Debug|Any CPU
		{CC1160BB-2E3D-4A0D-A858-D2988A58C6C8}.Debug|Any CPU.Build.0 = Debug|Any CPU
		{CC1160BB-2E3D-4A0D-A858-D2988A58C6C8}.Debug|Any CPU.Deploy.0 = Debug|Any CPU
		{CC1160BB-2E3D-4A0D-A858-D2988A58C6C8}.Release|Any CPU.ActiveCfg = Release|Any CPU
		{CC1160BB-2E3D-4A0D-A858-D2988A58C6C8}.Release|Any CPU.Build.0 = Release|Any CPU
		{CC1160BB-2E3D-4A0D-A858-D2988A58C6C8}.Release|Any CPU.Deploy.0 = Release|Any CPU
		{5EDD33DD-C933-4BD6-9C93-D9D3D2E073FE}.Debug|Any CPU.ActiveCfg = Debug|Any CPU
		{5EDD33DD-C933-4BD6-9C93-D9D3D2E073FE}.Debug|Any CPU.Build.0 = Debug|Any CPU
		{5EDD33DD-C933-4BD6-9C93-D9D3D2E073FE}.Debug|Any CPU.Deploy.0 = Debug|Any CPU
		{5EDD33DD-C933-4BD6-9C93-D9D3D2E073FE}.Release|Any CPU.ActiveCfg = Release|Any CPU
		{5EDD33DD-C933-4BD6-9C93-D9D3D2E073FE}.Release|Any CPU.Build.0 = Release|Any CPU
		{5EDD33DD-C933-4BD6-9C93-D9D3D2E073FE}.Release|Any CPU.Deploy.0 = Release|Any CPU
		{3EF53E43-F617-4E49-AA89-F6824AC57CA8}.Debug|Any CPU.ActiveCfg = Debug|Any CPU
		{3EF53E43-F617-4E49-AA89-F6824AC57CA8}.Debug|Any CPU.Build.0 = Debug|Any CPU
		{3EF53E43-F617-4E49-AA89-F6824AC57CA8}.Debug|Any CPU.Deploy.0 = Debug|Any CPU
		{3EF53E43-F617-4E49-AA89-F6824AC57CA8}.Release|Any CPU.ActiveCfg = Release|Any CPU
		{3EF53E43-F617-4E49-AA89-F6824AC57CA8}.Release|Any CPU.Build.0 = Release|Any CPU
		{3EF53E43-F617-4E49-AA89-F6824AC57CA8}.Release|Any CPU.Deploy.0 = Release|Any CPU
		{0233954C-FB6D-4A06-8336-D6E1F75DBDB2}.Debug|Any CPU.ActiveCfg = Debug|Any CPU
		{0233954C-FB6D-4A06-8336-D6E1F75DBDB2}.Debug|Any CPU.Build.0 = Debug|Any CPU
		{0233954C-FB6D-4A06-8336-D6E1F75DBDB2}.Release|Any CPU.ActiveCfg = Release|Any CPU
		{0233954C-FB6D-4A06-8336-D6E1F75DBDB2}.Release|Any CPU.Build.0 = Release|Any CPU
		{2CA87EFA-74FC-4FBE-9B70-B153E4213686}.Debug|Any CPU.ActiveCfg = Debug|Any CPU
		{2CA87EFA-74FC-4FBE-9B70-B153E4213686}.Debug|Any CPU.Build.0 = Debug|Any CPU
		{2CA87EFA-74FC-4FBE-9B70-B153E4213686}.Release|Any CPU.ActiveCfg = Release|Any CPU
		{2CA87EFA-74FC-4FBE-9B70-B153E4213686}.Release|Any CPU.Build.0 = Release|Any CPU
	EndGlobalSection
	GlobalSection(SolutionProperties) = preSolution
		HideSolutionNode = FALSE
	EndGlobalSection
	GlobalSection(ExtensibilityGlobals) = postSolution
		SolutionGuid = {707D4831-6803-4AE4-BB60-FA537B7351C1}
	EndGlobalSection
EndGlobal
